// !$*UTF8*$!
{
	archiveVersion = 1;
	classes = {
	};
	objectVersion = 50;
	objects = {

/* Begin PBXBuildFile section */
		3D055C5523721EBD00FD96B5 /* AlamofireImage.framework in Frameworks */ = {isa = PBXBuildFile; fileRef = 3D055C4623721EAB00FD96B5 /* AlamofireImage.framework */; };
		3D055C5623721EBD00FD96B5 /* AlamofireImage.framework in Embed Frameworks */ = {isa = PBXBuildFile; fileRef = 3D055C4623721EAB00FD96B5 /* AlamofireImage.framework */; settings = {ATTRIBUTES = (CodeSignOnCopy, RemoveHeadersOnCopy, ); }; };
		3D106AE32370CCDB0031F754 /* Alamofire.framework in Frameworks */ = {isa = PBXBuildFile; fileRef = 3D106AD62370CC2E0031F754 /* Alamofire.framework */; };
		3D106AE42370CCDB0031F754 /* Alamofire.framework in Embed Frameworks */ = {isa = PBXBuildFile; fileRef = 3D106AD62370CC2E0031F754 /* Alamofire.framework */; settings = {ATTRIBUTES = (CodeSignOnCopy, RemoveHeadersOnCopy, ); }; };
		3D51F30A236CCD04008E1901 /* AppDelegate.swift in Sources */ = {isa = PBXBuildFile; fileRef = 3D51F309236CCD04008E1901 /* AppDelegate.swift */; };
		3D51F30C236CCD04008E1901 /* ViewController.swift in Sources */ = {isa = PBXBuildFile; fileRef = 3D51F30B236CCD04008E1901 /* ViewController.swift */; };
		3D51F30F236CCD04008E1901 /* Main.storyboard in Resources */ = {isa = PBXBuildFile; fileRef = 3D51F30D236CCD04008E1901 /* Main.storyboard */; };
		3D51F311236CCD06008E1901 /* Assets.xcassets in Resources */ = {isa = PBXBuildFile; fileRef = 3D51F310236CCD06008E1901 /* Assets.xcassets */; };
		3D51F314236CCD06008E1901 /* LaunchScreen.storyboard in Resources */ = {isa = PBXBuildFile; fileRef = 3D51F312236CCD06008E1901 /* LaunchScreen.storyboard */; };
		3D51F31F236CCD06008E1901 /* EventosTests.swift in Sources */ = {isa = PBXBuildFile; fileRef = 3D51F31E236CCD06008E1901 /* EventosTests.swift */; };
		3D51F32A236CCD06008E1901 /* EventosUITests.swift in Sources */ = {isa = PBXBuildFile; fileRef = 3D51F329236CCD06008E1901 /* EventosUITests.swift */; };
		3D51F33E236CCE3D008E1901 /* Evento.swift in Sources */ = {isa = PBXBuildFile; fileRef = 3D51F33D236CCE3D008E1901 /* Evento.swift */; };
		3D51F340236CD0CE008E1901 /* celdaEventoController.swift in Sources */ = {isa = PBXBuildFile; fileRef = 3D51F33F236CD0CE008E1901 /* celdaEventoController.swift */; };
/* End PBXBuildFile section */

/* Begin PBXContainerItemProxy section */
		3D055C4523721EAB00FD96B5 /* PBXContainerItemProxy */ = {
			isa = PBXContainerItemProxy;
			containerPortal = 3D055C3323721EAA00FD96B5 /* AlamofireImage.xcodeproj */;
			proxyType = 2;
			remoteGlobalIDString = 4C9043771AABBFC5001B4E60;
			remoteInfo = "AlamofireImage iOS";
		};
		3D055C4723721EAB00FD96B5 /* PBXContainerItemProxy */ = {
			isa = PBXContainerItemProxy;
			containerPortal = 3D055C3323721EAA00FD96B5 /* AlamofireImage.xcodeproj */;
			proxyType = 2;
			remoteGlobalIDString = 4C9043821AABBFC5001B4E60;
			remoteInfo = "AlamofireImage iOS Tests";
		};
		3D055C4923721EAB00FD96B5 /* PBXContainerItemProxy */ = {
			isa = PBXContainerItemProxy;
			containerPortal = 3D055C3323721EAA00FD96B5 /* AlamofireImage.xcodeproj */;
			proxyType = 2;
			remoteGlobalIDString = 4CE611321AABC24E00D35044;
			remoteInfo = "AlamofireImage macOS";
		};
		3D055C4B23721EAB00FD96B5 /* PBXContainerItemProxy */ = {
			isa = PBXContainerItemProxy;
			containerPortal = 3D055C3323721EAA00FD96B5 /* AlamofireImage.xcodeproj */;
			proxyType = 2;
			remoteGlobalIDString = 4CE611471AABC5C900D35044;
			remoteInfo = "AlamofireImage macOS Tests";
		};
		3D055C4D23721EAB00FD96B5 /* PBXContainerItemProxy */ = {
			isa = PBXContainerItemProxy;
			containerPortal = 3D055C3323721EAA00FD96B5 /* AlamofireImage.xcodeproj */;
			proxyType = 2;
			remoteGlobalIDString = 4C16B37D1BA9399500A66EF0;
			remoteInfo = "AlamofireImage tvOS";
		};
		3D055C4F23721EAB00FD96B5 /* PBXContainerItemProxy */ = {
			isa = PBXContainerItemProxy;
			containerPortal = 3D055C3323721EAA00FD96B5 /* AlamofireImage.xcodeproj */;
			proxyType = 2;
			remoteGlobalIDString = 4C16B3861BA9399500A66EF0;
			remoteInfo = "AlamofireImage tvOS Tests";
		};
		3D055C5123721EAB00FD96B5 /* PBXContainerItemProxy */ = {
			isa = PBXContainerItemProxy;
			containerPortal = 3D055C3323721EAA00FD96B5 /* AlamofireImage.xcodeproj */;
			proxyType = 2;
			remoteGlobalIDString = 4C4D4EC11B92976900C96855;
			remoteInfo = "AlamofireImage watchOS";
		};
		3D055C5323721EAB00FD96B5 /* PBXContainerItemProxy */ = {
			isa = PBXContainerItemProxy;
			containerPortal = 3D055C3323721EAA00FD96B5 /* AlamofireImage.xcodeproj */;
			proxyType = 2;
			remoteGlobalIDString = 4C11830B2150517E007A8298;
			remoteInfo = "iOS Example";
		};
		3D055C5723721EBD00FD96B5 /* PBXContainerItemProxy */ = {
			isa = PBXContainerItemProxy;
			containerPortal = 3D055C3323721EAA00FD96B5 /* AlamofireImage.xcodeproj */;
			proxyType = 1;
			remoteGlobalIDString = 4C9043761AABBFC5001B4E60;
			remoteInfo = "AlamofireImage iOS";
		};
		3D106AD52370CC2E0031F754 /* PBXContainerItemProxy */ = {
			isa = PBXContainerItemProxy;
			containerPortal = 3D106ACB2370CC2E0031F754 /* Alamofire.xcodeproj */;
			proxyType = 2;
			remoteGlobalIDString = F8111E3319A95C8B0040E7D1;
			remoteInfo = "Alamofire iOS";
		};
		3D106AD72370CC2E0031F754 /* PBXContainerItemProxy */ = {
			isa = PBXContainerItemProxy;
			containerPortal = 3D106ACB2370CC2E0031F754 /* Alamofire.xcodeproj */;
			proxyType = 2;
			remoteGlobalIDString = F8111E3E19A95C8B0040E7D1;
			remoteInfo = "Alamofire iOS Tests";
		};
		3D106AD92370CC2E0031F754 /* PBXContainerItemProxy */ = {
			isa = PBXContainerItemProxy;
			containerPortal = 3D106ACB2370CC2E0031F754 /* Alamofire.xcodeproj */;
			proxyType = 2;
			remoteGlobalIDString = 4DD67C0B1A5C55C900ED2280;
			remoteInfo = "Alamofire macOS";
		};
		3D106ADB2370CC2E0031F754 /* PBXContainerItemProxy */ = {
			isa = PBXContainerItemProxy;
			containerPortal = 3D106ACB2370CC2E0031F754 /* Alamofire.xcodeproj */;
			proxyType = 2;
			remoteGlobalIDString = F829C6B21A7A94F100A2CD59;
			remoteInfo = "Alamofire macOS Tests";
		};
		3D106ADD2370CC2E0031F754 /* PBXContainerItemProxy */ = {
			isa = PBXContainerItemProxy;
			containerPortal = 3D106ACB2370CC2E0031F754 /* Alamofire.xcodeproj */;
			proxyType = 2;
			remoteGlobalIDString = 4CF626EF1BA7CB3E0011A099;
			remoteInfo = "Alamofire tvOS";
		};
		3D106ADF2370CC2E0031F754 /* PBXContainerItemProxy */ = {
			isa = PBXContainerItemProxy;
			containerPortal = 3D106ACB2370CC2E0031F754 /* Alamofire.xcodeproj */;
			proxyType = 2;
			remoteGlobalIDString = 4CF626F81BA7CB3E0011A099;
			remoteInfo = "Alamofire tvOS Tests";
		};
		3D106AE12370CC2E0031F754 /* PBXContainerItemProxy */ = {
			isa = PBXContainerItemProxy;
			containerPortal = 3D106ACB2370CC2E0031F754 /* Alamofire.xcodeproj */;
			proxyType = 2;
			remoteGlobalIDString = E4202FE01B667AA100C997FB;
			remoteInfo = "Alamofire watchOS";
		};
		3D106AE52370CCDB0031F754 /* PBXContainerItemProxy */ = {
			isa = PBXContainerItemProxy;
			containerPortal = 3D106ACB2370CC2E0031F754 /* Alamofire.xcodeproj */;
			proxyType = 1;
			remoteGlobalIDString = F8111E3219A95C8B0040E7D1;
			remoteInfo = "Alamofire iOS";
		};
		3D51F31B236CCD06008E1901 /* PBXContainerItemProxy */ = {
			isa = PBXContainerItemProxy;
			containerPortal = 3D51F2FE236CCD04008E1901 /* Project object */;
			proxyType = 1;
			remoteGlobalIDString = 3D51F305236CCD04008E1901;
			remoteInfo = Eventos;
		};
		3D51F326236CCD06008E1901 /* PBXContainerItemProxy */ = {
			isa = PBXContainerItemProxy;
			containerPortal = 3D51F2FE236CCD04008E1901 /* Project object */;
			proxyType = 1;
			remoteGlobalIDString = 3D51F305236CCD04008E1901;
			remoteInfo = Eventos;
		};
/* End PBXContainerItemProxy section */

/* Begin PBXCopyFilesBuildPhase section */
		3D106AE72370CCDB0031F754 /* Embed Frameworks */ = {
			isa = PBXCopyFilesBuildPhase;
			buildActionMask = 2147483647;
			dstPath = "";
			dstSubfolderSpec = 10;
			files = (
				3D106AE42370CCDB0031F754 /* Alamofire.framework in Embed Frameworks */,
				3D055C5623721EBD00FD96B5 /* AlamofireImage.framework in Embed Frameworks */,
			);
			name = "Embed Frameworks";
			runOnlyForDeploymentPostprocessing = 0;
		};
/* End PBXCopyFilesBuildPhase section */

/* Begin PBXFileReference section */
		3D055C3323721EAA00FD96B5 /* AlamofireImage.xcodeproj */ = {isa = PBXFileReference; lastKnownFileType = "wrapper.pb-project"; name = AlamofireImage.xcodeproj; path = AlamofireImage/AlamofireImage.xcodeproj; sourceTree = "<group>"; };
		3D106ACB2370CC2E0031F754 /* Alamofire.xcodeproj */ = {isa = PBXFileReference; lastKnownFileType = "wrapper.pb-project"; name = Alamofire.xcodeproj; path = Alamofire/Alamofire.xcodeproj; sourceTree = "<group>"; };
		3D51F306236CCD04008E1901 /* Eventos.app */ = {isa = PBXFileReference; explicitFileType = wrapper.application; includeInIndex = 0; path = Eventos.app; sourceTree = BUILT_PRODUCTS_DIR; };
		3D51F309236CCD04008E1901 /* AppDelegate.swift */ = {isa = PBXFileReference; lastKnownFileType = sourcecode.swift; path = AppDelegate.swift; sourceTree = "<group>"; };
		3D51F30B236CCD04008E1901 /* ViewController.swift */ = {isa = PBXFileReference; lastKnownFileType = sourcecode.swift; path = ViewController.swift; sourceTree = "<group>"; };
		3D51F30E236CCD04008E1901 /* Base */ = {isa = PBXFileReference; lastKnownFileType = file.storyboard; name = Base; path = Base.lproj/Main.storyboard; sourceTree = "<group>"; };
		3D51F310236CCD06008E1901 /* Assets.xcassets */ = {isa = PBXFileReference; lastKnownFileType = folder.assetcatalog; path = Assets.xcassets; sourceTree = "<group>"; };
		3D51F313236CCD06008E1901 /* Base */ = {isa = PBXFileReference; lastKnownFileType = file.storyboard; name = Base; path = Base.lproj/LaunchScreen.storyboard; sourceTree = "<group>"; };
		3D51F315236CCD06008E1901 /* Info.plist */ = {isa = PBXFileReference; lastKnownFileType = text.plist.xml; path = Info.plist; sourceTree = "<group>"; };
		3D51F31A236CCD06008E1901 /* EventosTests.xctest */ = {isa = PBXFileReference; explicitFileType = wrapper.cfbundle; includeInIndex = 0; path = EventosTests.xctest; sourceTree = BUILT_PRODUCTS_DIR; };
		3D51F31E236CCD06008E1901 /* EventosTests.swift */ = {isa = PBXFileReference; lastKnownFileType = sourcecode.swift; path = EventosTests.swift; sourceTree = "<group>"; };
		3D51F320236CCD06008E1901 /* Info.plist */ = {isa = PBXFileReference; lastKnownFileType = text.plist.xml; path = Info.plist; sourceTree = "<group>"; };
		3D51F325236CCD06008E1901 /* EventosUITests.xctest */ = {isa = PBXFileReference; explicitFileType = wrapper.cfbundle; includeInIndex = 0; path = EventosUITests.xctest; sourceTree = BUILT_PRODUCTS_DIR; };
		3D51F329236CCD06008E1901 /* EventosUITests.swift */ = {isa = PBXFileReference; lastKnownFileType = sourcecode.swift; path = EventosUITests.swift; sourceTree = "<group>"; };
		3D51F32B236CCD06008E1901 /* Info.plist */ = {isa = PBXFileReference; lastKnownFileType = text.plist.xml; path = Info.plist; sourceTree = "<group>"; };
		3D51F33D236CCE3D008E1901 /* Evento.swift */ = {isa = PBXFileReference; lastKnownFileType = sourcecode.swift; path = Evento.swift; sourceTree = "<group>"; };
		3D51F33F236CD0CE008E1901 /* celdaEventoController.swift */ = {isa = PBXFileReference; lastKnownFileType = sourcecode.swift; path = celdaEventoController.swift; sourceTree = "<group>"; };
/* End PBXFileReference section */

/* Begin PBXFrameworksBuildPhase section */
		3D51F303236CCD04008E1901 /* Frameworks */ = {
			isa = PBXFrameworksBuildPhase;
			buildActionMask = 2147483647;
			files = (
				3D106AE32370CCDB0031F754 /* Alamofire.framework in Frameworks */,
				3D055C5523721EBD00FD96B5 /* AlamofireImage.framework in Frameworks */,
			);
			runOnlyForDeploymentPostprocessing = 0;
		};
		3D51F317236CCD06008E1901 /* Frameworks */ = {
			isa = PBXFrameworksBuildPhase;
			buildActionMask = 2147483647;
			files = (
			);
			runOnlyForDeploymentPostprocessing = 0;
		};
		3D51F322236CCD06008E1901 /* Frameworks */ = {
			isa = PBXFrameworksBuildPhase;
			buildActionMask = 2147483647;
			files = (
			);
			runOnlyForDeploymentPostprocessing = 0;
		};
/* End PBXFrameworksBuildPhase section */

/* Begin PBXGroup section */
		3D055C3423721EAA00FD96B5 /* Products */ = {
			isa = PBXGroup;
			children = (
				3D055C4623721EAB00FD96B5 /* AlamofireImage.framework */,
				3D055C4823721EAB00FD96B5 /* AlamofireImage iOS Tests.xctest */,
				3D055C4A23721EAB00FD96B5 /* AlamofireImage.framework */,
				3D055C4C23721EAB00FD96B5 /* AlamofireImage macOS Tests.xctest */,
				3D055C4E23721EAB00FD96B5 /* AlamofireImage.framework */,
				3D055C5023721EAB00FD96B5 /* AlamofireImage tvOS Tests.xctest */,
				3D055C5223721EAB00FD96B5 /* AlamofireImage.framework */,
				3D055C5423721EAB00FD96B5 /* iOS Example.app */,
			);
			name = Products;
			sourceTree = "<group>";
		};
		3D106ACC2370CC2E0031F754 /* Products */ = {
			isa = PBXGroup;
			children = (
				3D106AD62370CC2E0031F754 /* Alamofire.framework */,
				3D106AD82370CC2E0031F754 /* Alamofire iOS Tests.xctest */,
				3D106ADA2370CC2E0031F754 /* Alamofire.framework */,
				3D106ADC2370CC2E0031F754 /* Alamofire macOS Tests.xctest */,
				3D106ADE2370CC2E0031F754 /* Alamofire.framework */,
				3D106AE02370CC2E0031F754 /* Alamofire tvOS Tests.xctest */,
				3D106AE22370CC2E0031F754 /* Alamofire.framework */,
			);
			name = Products;
			sourceTree = "<group>";
		};
		3D51F2FD236CCD04008E1901 = {
			isa = PBXGroup;
			children = (
				3D055C3323721EAA00FD96B5 /* AlamofireImage.xcodeproj */,
				3D106ACB2370CC2E0031F754 /* Alamofire.xcodeproj */,
				3D51F308236CCD04008E1901 /* Eventos */,
				3D51F31D236CCD06008E1901 /* EventosTests */,
				3D51F328236CCD06008E1901 /* EventosUITests */,
				3D51F307236CCD04008E1901 /* Products */,
			);
			sourceTree = "<group>";
		};
		3D51F307236CCD04008E1901 /* Products */ = {
			isa = PBXGroup;
			children = (
				3D51F306236CCD04008E1901 /* Eventos.app */,
				3D51F31A236CCD06008E1901 /* EventosTests.xctest */,
				3D51F325236CCD06008E1901 /* EventosUITests.xctest */,
			);
			name = Products;
			sourceTree = "<group>";
		};
		3D51F308236CCD04008E1901 /* Eventos */ = {
			isa = PBXGroup;
			children = (
				3D51F33C236CCD71008E1901 /* Models */,
				3D51F33B236CCD66008E1901 /* ViewControllers */,
				3D51F33A236CCD54008E1901 /* Storyboard */,
				3D51F339236CCD42008E1901 /* App */,
				3D51F338236CCD34008E1901 /* Resources */,
			);
			path = Eventos;
			sourceTree = "<group>";
		};
		3D51F31D236CCD06008E1901 /* EventosTests */ = {
			isa = PBXGroup;
			children = (
				3D51F31E236CCD06008E1901 /* EventosTests.swift */,
				3D51F320236CCD06008E1901 /* Info.plist */,
			);
			path = EventosTests;
			sourceTree = "<group>";
		};
		3D51F328236CCD06008E1901 /* EventosUITests */ = {
			isa = PBXGroup;
			children = (
				3D51F329236CCD06008E1901 /* EventosUITests.swift */,
				3D51F32B236CCD06008E1901 /* Info.plist */,
			);
			path = EventosUITests;
			sourceTree = "<group>";
		};
		3D51F338236CCD34008E1901 /* Resources */ = {
			isa = PBXGroup;
			children = (
				3D51F310236CCD06008E1901 /* Assets.xcassets */,
			);
			name = Resources;
			sourceTree = "<group>";
		};
		3D51F339236CCD42008E1901 /* App */ = {
			isa = PBXGroup;
			children = (
				3D51F309236CCD04008E1901 /* AppDelegate.swift */,
				3D51F315236CCD06008E1901 /* Info.plist */,
			);
			name = App;
			sourceTree = "<group>";
		};
		3D51F33A236CCD54008E1901 /* Storyboard */ = {
			isa = PBXGroup;
			children = (
				3D51F30D236CCD04008E1901 /* Main.storyboard */,
				3D51F312236CCD06008E1901 /* LaunchScreen.storyboard */,
			);
			name = Storyboard;
			sourceTree = "<group>";
		};
		3D51F33B236CCD66008E1901 /* ViewControllers */ = {
			isa = PBXGroup;
			children = (
				3D51F30B236CCD04008E1901 /* ViewController.swift */,
				3D51F33F236CD0CE008E1901 /* celdaEventoController.swift */,
			);
			name = ViewControllers;
			sourceTree = "<group>";
		};
		3D51F33C236CCD71008E1901 /* Models */ = {
			isa = PBXGroup;
			children = (
				3D51F33D236CCE3D008E1901 /* Evento.swift */,
			);
			name = Models;
			sourceTree = "<group>";
		};
/* End PBXGroup section */

/* Begin PBXNativeTarget section */
		3D51F305236CCD04008E1901 /* Eventos */ = {
			isa = PBXNativeTarget;
			buildConfigurationList = 3D51F32E236CCD06008E1901 /* Build configuration list for PBXNativeTarget "Eventos" */;
			buildPhases = (
				3D51F302236CCD04008E1901 /* Sources */,
				3D51F303236CCD04008E1901 /* Frameworks */,
				3D51F304236CCD04008E1901 /* Resources */,
				3D106AE72370CCDB0031F754 /* Embed Frameworks */,
			);
			buildRules = (
			);
			dependencies = (
				3D106AE62370CCDB0031F754 /* PBXTargetDependency */,
				3D055C5823721EBD00FD96B5 /* PBXTargetDependency */,
			);
			name = Eventos;
			productName = Eventos;
			productReference = 3D51F306236CCD04008E1901 /* Eventos.app */;
			productType = "com.apple.product-type.application";
		};
		3D51F319236CCD06008E1901 /* EventosTests */ = {
			isa = PBXNativeTarget;
			buildConfigurationList = 3D51F331236CCD06008E1901 /* Build configuration list for PBXNativeTarget "EventosTests" */;
			buildPhases = (
				3D51F316236CCD06008E1901 /* Sources */,
				3D51F317236CCD06008E1901 /* Frameworks */,
				3D51F318236CCD06008E1901 /* Resources */,
			);
			buildRules = (
			);
			dependencies = (
				3D51F31C236CCD06008E1901 /* PBXTargetDependency */,
			);
			name = EventosTests;
			productName = EventosTests;
			productReference = 3D51F31A236CCD06008E1901 /* EventosTests.xctest */;
			productType = "com.apple.product-type.bundle.unit-test";
		};
		3D51F324236CCD06008E1901 /* EventosUITests */ = {
			isa = PBXNativeTarget;
			buildConfigurationList = 3D51F334236CCD06008E1901 /* Build configuration list for PBXNativeTarget "EventosUITests" */;
			buildPhases = (
				3D51F321236CCD06008E1901 /* Sources */,
				3D51F322236CCD06008E1901 /* Frameworks */,
				3D51F323236CCD06008E1901 /* Resources */,
			);
			buildRules = (
			);
			dependencies = (
				3D51F327236CCD06008E1901 /* PBXTargetDependency */,
			);
			name = EventosUITests;
			productName = EventosUITests;
			productReference = 3D51F325236CCD06008E1901 /* EventosUITests.xctest */;
			productType = "com.apple.product-type.bundle.ui-testing";
		};
/* End PBXNativeTarget section */

/* Begin PBXProject section */
		3D51F2FE236CCD04008E1901 /* Project object */ = {
			isa = PBXProject;
			attributes = {
				LastSwiftUpdateCheck = 1030;
				LastUpgradeCheck = 1030;
				ORGANIZATIONNAME = Alumno;
				TargetAttributes = {
					3D51F305236CCD04008E1901 = {
						CreatedOnToolsVersion = 10.3;
					};
					3D51F319236CCD06008E1901 = {
						CreatedOnToolsVersion = 10.3;
						TestTargetID = 3D51F305236CCD04008E1901;
					};
					3D51F324236CCD06008E1901 = {
						CreatedOnToolsVersion = 10.3;
						TestTargetID = 3D51F305236CCD04008E1901;
					};
				};
			};
			buildConfigurationList = 3D51F301236CCD04008E1901 /* Build configuration list for PBXProject "Eventos" */;
			compatibilityVersion = "Xcode 9.3";
			developmentRegion = en;
			hasScannedForEncodings = 0;
			knownRegions = (
				en,
				Base,
			);
			mainGroup = 3D51F2FD236CCD04008E1901;
			productRefGroup = 3D51F307236CCD04008E1901 /* Products */;
			projectDirPath = "";
			projectReferences = (
				{
					ProductGroup = 3D106ACC2370CC2E0031F754 /* Products */;
					ProjectRef = 3D106ACB2370CC2E0031F754 /* Alamofire.xcodeproj */;
				},
				{
					ProductGroup = 3D055C3423721EAA00FD96B5 /* Products */;
					ProjectRef = 3D055C3323721EAA00FD96B5 /* AlamofireImage.xcodeproj */;
				},
			);
			projectRoot = "";
			targets = (
				3D51F305236CCD04008E1901 /* Eventos */,
				3D51F319236CCD06008E1901 /* EventosTests */,
				3D51F324236CCD06008E1901 /* EventosUITests */,
			);
		};
/* End PBXProject section */

/* Begin PBXReferenceProxy section */
		3D055C4623721EAB00FD96B5 /* AlamofireImage.framework */ = {
			isa = PBXReferenceProxy;
			fileType = wrapper.framework;
			path = AlamofireImage.framework;
			remoteRef = 3D055C4523721EAB00FD96B5 /* PBXContainerItemProxy */;
			sourceTree = BUILT_PRODUCTS_DIR;
		};
		3D055C4823721EAB00FD96B5 /* AlamofireImage iOS Tests.xctest */ = {
			isa = PBXReferenceProxy;
			fileType = wrapper.cfbundle;
			path = "AlamofireImage iOS Tests.xctest";
			remoteRef = 3D055C4723721EAB00FD96B5 /* PBXContainerItemProxy */;
			sourceTree = BUILT_PRODUCTS_DIR;
		};
		3D055C4A23721EAB00FD96B5 /* AlamofireImage.framework */ = {
			isa = PBXReferenceProxy;
			fileType = wrapper.framework;
			path = AlamofireImage.framework;
			remoteRef = 3D055C4923721EAB00FD96B5 /* PBXContainerItemProxy */;
			sourceTree = BUILT_PRODUCTS_DIR;
		};
		3D055C4C23721EAB00FD96B5 /* AlamofireImage macOS Tests.xctest */ = {
			isa = PBXReferenceProxy;
			fileType = wrapper.cfbundle;
			path = "AlamofireImage macOS Tests.xctest";
			remoteRef = 3D055C4B23721EAB00FD96B5 /* PBXContainerItemProxy */;
			sourceTree = BUILT_PRODUCTS_DIR;
		};
		3D055C4E23721EAB00FD96B5 /* AlamofireImage.framework */ = {
			isa = PBXReferenceProxy;
			fileType = wrapper.framework;
			path = AlamofireImage.framework;
			remoteRef = 3D055C4D23721EAB00FD96B5 /* PBXContainerItemProxy */;
			sourceTree = BUILT_PRODUCTS_DIR;
		};
		3D055C5023721EAB00FD96B5 /* AlamofireImage tvOS Tests.xctest */ = {
			isa = PBXReferenceProxy;
			fileType = wrapper.cfbundle;
			path = "AlamofireImage tvOS Tests.xctest";
			remoteRef = 3D055C4F23721EAB00FD96B5 /* PBXContainerItemProxy */;
			sourceTree = BUILT_PRODUCTS_DIR;
		};
		3D055C5223721EAB00FD96B5 /* AlamofireImage.framework */ = {
			isa = PBXReferenceProxy;
			fileType = wrapper.framework;
			path = AlamofireImage.framework;
			remoteRef = 3D055C5123721EAB00FD96B5 /* PBXContainerItemProxy */;
			sourceTree = BUILT_PRODUCTS_DIR;
		};
		3D055C5423721EAB00FD96B5 /* iOS Example.app */ = {
			isa = PBXReferenceProxy;
			fileType = wrapper.application;
			path = "iOS Example.app";
			remoteRef = 3D055C5323721EAB00FD96B5 /* PBXContainerItemProxy */;
			sourceTree = BUILT_PRODUCTS_DIR;
		};
		3D106AD62370CC2E0031F754 /* Alamofire.framework */ = {
			isa = PBXReferenceProxy;
			fileType = wrapper.framework;
			path = Alamofire.framework;
			remoteRef = 3D106AD52370CC2E0031F754 /* PBXContainerItemProxy */;
			sourceTree = BUILT_PRODUCTS_DIR;
		};
		3D106AD82370CC2E0031F754 /* Alamofire iOS Tests.xctest */ = {
			isa = PBXReferenceProxy;
			fileType = wrapper.cfbundle;
			path = "Alamofire iOS Tests.xctest";
			remoteRef = 3D106AD72370CC2E0031F754 /* PBXContainerItemProxy */;
			sourceTree = BUILT_PRODUCTS_DIR;
		};
		3D106ADA2370CC2E0031F754 /* Alamofire.framework */ = {
			isa = PBXReferenceProxy;
			fileType = wrapper.framework;
			path = Alamofire.framework;
			remoteRef = 3D106AD92370CC2E0031F754 /* PBXContainerItemProxy */;
			sourceTree = BUILT_PRODUCTS_DIR;
		};
		3D106ADC2370CC2E0031F754 /* Alamofire macOS Tests.xctest */ = {
			isa = PBXReferenceProxy;
			fileType = wrapper.cfbundle;
			path = "Alamofire macOS Tests.xctest";
			remoteRef = 3D106ADB2370CC2E0031F754 /* PBXContainerItemProxy */;
			sourceTree = BUILT_PRODUCTS_DIR;
		};
		3D106ADE2370CC2E0031F754 /* Alamofire.framework */ = {
			isa = PBXReferenceProxy;
			fileType = wrapper.framework;
			path = Alamofire.framework;
			remoteRef = 3D106ADD2370CC2E0031F754 /* PBXContainerItemProxy */;
			sourceTree = BUILT_PRODUCTS_DIR;
		};
		3D106AE02370CC2E0031F754 /* Alamofire tvOS Tests.xctest */ = {
			isa = PBXReferenceProxy;
			fileType = wrapper.cfbundle;
			path = "Alamofire tvOS Tests.xctest";
			remoteRef = 3D106ADF2370CC2E0031F754 /* PBXContainerItemProxy */;
			sourceTree = BUILT_PRODUCTS_DIR;
		};
		3D106AE22370CC2E0031F754 /* Alamofire.framework */ = {
			isa = PBXReferenceProxy;
			fileType = wrapper.framework;
			path = Alamofire.framework;
			remoteRef = 3D106AE12370CC2E0031F754 /* PBXContainerItemProxy */;
			sourceTree = BUILT_PRODUCTS_DIR;
		};
/* End PBXReferenceProxy section */

/* Begin PBXResourcesBuildPhase section */
		3D51F304236CCD04008E1901 /* Resources */ = {
			isa = PBXResourcesBuildPhase;
			buildActionMask = 2147483647;
			files = (
				3D51F314236CCD06008E1901 /* LaunchScreen.storyboard in Resources */,
				3D51F311236CCD06008E1901 /* Assets.xcassets in Resources */,
				3D51F30F236CCD04008E1901 /* Main.storyboard in Resources */,
			);
			runOnlyForDeploymentPostprocessing = 0;
		};
		3D51F318236CCD06008E1901 /* Resources */ = {
			isa = PBXResourcesBuildPhase;
			buildActionMask = 2147483647;
			files = (
			);
			runOnlyForDeploymentPostprocessing = 0;
		};
		3D51F323236CCD06008E1901 /* Resources */ = {
			isa = PBXResourcesBuildPhase;
			buildActionMask = 2147483647;
			files = (
			);
			runOnlyForDeploymentPostprocessing = 0;
		};
/* End PBXResourcesBuildPhase section */

/* Begin PBXSourcesBuildPhase section */
		3D51F302236CCD04008E1901 /* Sources */ = {
			isa = PBXSourcesBuildPhase;
			buildActionMask = 2147483647;
			files = (
				3D51F340236CD0CE008E1901 /* celdaEventoController.swift in Sources */,
				3D51F33E236CCE3D008E1901 /* Evento.swift in Sources */,
				3D51F30C236CCD04008E1901 /* ViewController.swift in Sources */,
				3D51F30A236CCD04008E1901 /* AppDelegate.swift in Sources */,
			);
			runOnlyForDeploymentPostprocessing = 0;
		};
		3D51F316236CCD06008E1901 /* Sources */ = {
			isa = PBXSourcesBuildPhase;
			buildActionMask = 2147483647;
			files = (
				3D51F31F236CCD06008E1901 /* EventosTests.swift in Sources */,
			);
			runOnlyForDeploymentPostprocessing = 0;
		};
		3D51F321236CCD06008E1901 /* Sources */ = {
			isa = PBXSourcesBuildPhase;
			buildActionMask = 2147483647;
			files = (
				3D51F32A236CCD06008E1901 /* EventosUITests.swift in Sources */,
			);
			runOnlyForDeploymentPostprocessing = 0;
		};
/* End PBXSourcesBuildPhase section */

/* Begin PBXTargetDependency section */
		3D055C5823721EBD00FD96B5 /* PBXTargetDependency */ = {
			isa = PBXTargetDependency;
			name = "AlamofireImage iOS";
			targetProxy = 3D055C5723721EBD00FD96B5 /* PBXContainerItemProxy */;
		};
		3D106AE62370CCDB0031F754 /* PBXTargetDependency */ = {
			isa = PBXTargetDependency;
			name = "Alamofire iOS";
			targetProxy = 3D106AE52370CCDB0031F754 /* PBXContainerItemProxy */;
		};
		3D51F31C236CCD06008E1901 /* PBXTargetDependency */ = {
			isa = PBXTargetDependency;
			target = 3D51F305236CCD04008E1901 /* Eventos */;
			targetProxy = 3D51F31B236CCD06008E1901 /* PBXContainerItemProxy */;
		};
		3D51F327236CCD06008E1901 /* PBXTargetDependency */ = {
			isa = PBXTargetDependency;
			target = 3D51F305236CCD04008E1901 /* Eventos */;
			targetProxy = 3D51F326236CCD06008E1901 /* PBXContainerItemProxy */;
		};
/* End PBXTargetDependency section */

/* Begin PBXVariantGroup section */
		3D51F30D236CCD04008E1901 /* Main.storyboard */ = {
			isa = PBXVariantGroup;
			children = (
				3D51F30E236CCD04008E1901 /* Base */,
			);
			name = Main.storyboard;
			sourceTree = "<group>";
		};
		3D51F312236CCD06008E1901 /* LaunchScreen.storyboard */ = {
			isa = PBXVariantGroup;
			children = (
				3D51F313236CCD06008E1901 /* Base */,
			);
			name = LaunchScreen.storyboard;
			sourceTree = "<group>";
		};
/* End PBXVariantGroup section */

/* Begin XCBuildConfiguration section */
		3D51F32C236CCD06008E1901 /* Debug */ = {
			isa = XCBuildConfiguration;
			buildSettings = {
				ALWAYS_SEARCH_USER_PATHS = NO;
				CLANG_ANALYZER_NONNULL = YES;
				CLANG_ANALYZER_NUMBER_OBJECT_CONVERSION = YES_AGGRESSIVE;
				CLANG_CXX_LANGUAGE_STANDARD = "gnu++14";
				CLANG_CXX_LIBRARY = "libc++";
				CLANG_ENABLE_MODULES = YES;
				CLANG_ENABLE_OBJC_ARC = YES;
				CLANG_ENABLE_OBJC_WEAK = YES;
				CLANG_WARN_BLOCK_CAPTURE_AUTORELEASING = YES;
				CLANG_WARN_BOOL_CONVERSION = YES;
				CLANG_WARN_COMMA = YES;
				CLANG_WARN_CONSTANT_CONVERSION = YES;
				CLANG_WARN_DEPRECATED_OBJC_IMPLEMENTATIONS = YES;
				CLANG_WARN_DIRECT_OBJC_ISA_USAGE = YES_ERROR;
				CLANG_WARN_DOCUMENTATION_COMMENTS = YES;
				CLANG_WARN_EMPTY_BODY = YES;
				CLANG_WARN_ENUM_CONVERSION = YES;
				CLANG_WARN_INFINITE_RECURSION = YES;
				CLANG_WARN_INT_CONVERSION = YES;
				CLANG_WARN_NON_LITERAL_NULL_CONVERSION = YES;
				CLANG_WARN_OBJC_IMPLICIT_RETAIN_SELF = YES;
				CLANG_WARN_OBJC_LITERAL_CONVERSION = YES;
				CLANG_WARN_OBJC_ROOT_CLASS = YES_ERROR;
				CLANG_WARN_RANGE_LOOP_ANALYSIS = YES;
				CLANG_WARN_STRICT_PROTOTYPES = YES;
				CLANG_WARN_SUSPICIOUS_MOVE = YES;
				CLANG_WARN_UNGUARDED_AVAILABILITY = YES_AGGRESSIVE;
				CLANG_WARN_UNREACHABLE_CODE = YES;
				CLANG_WARN__DUPLICATE_METHOD_MATCH = YES;
				CODE_SIGN_IDENTITY = "iPhone Developer";
				COPY_PHASE_STRIP = NO;
				DEBUG_INFORMATION_FORMAT = dwarf;
				ENABLE_STRICT_OBJC_MSGSEND = YES;
				ENABLE_TESTABILITY = YES;
				GCC_C_LANGUAGE_STANDARD = gnu11;
				GCC_DYNAMIC_NO_PIC = NO;
				GCC_NO_COMMON_BLOCKS = YES;
				GCC_OPTIMIZATION_LEVEL = 0;
				GCC_PREPROCESSOR_DEFINITIONS = (
					"DEBUG=1",
					"$(inherited)",
				);
				GCC_WARN_64_TO_32_BIT_CONVERSION = YES;
				GCC_WARN_ABOUT_RETURN_TYPE = YES_ERROR;
				GCC_WARN_UNDECLARED_SELECTOR = YES;
				GCC_WARN_UNINITIALIZED_AUTOS = YES_AGGRESSIVE;
				GCC_WARN_UNUSED_FUNCTION = YES;
				GCC_WARN_UNUSED_VARIABLE = YES;
				IPHONEOS_DEPLOYMENT_TARGET = 12.4;
				MTL_ENABLE_DEBUG_INFO = INCLUDE_SOURCE;
				MTL_FAST_MATH = YES;
				ONLY_ACTIVE_ARCH = YES;
				SDKROOT = iphoneos;
				SWIFT_ACTIVE_COMPILATION_CONDITIONS = DEBUG;
				SWIFT_OPTIMIZATION_LEVEL = "-Onone";
			};
			name = Debug;
		};
		3D51F32D236CCD06008E1901 /* Release */ = {
			isa = XCBuildConfiguration;
			buildSettings = {
				ALWAYS_SEARCH_USER_PATHS = NO;
				CLANG_ANALYZER_NONNULL = YES;
				CLANG_ANALYZER_NUMBER_OBJECT_CONVERSION = YES_AGGRESSIVE;
				CLANG_CXX_LANGUAGE_STANDARD = "gnu++14";
				CLANG_CXX_LIBRARY = "libc++";
				CLANG_ENABLE_MODULES = YES;
				CLANG_ENABLE_OBJC_ARC = YES;
				CLANG_ENABLE_OBJC_WEAK = YES;
				CLANG_WARN_BLOCK_CAPTURE_AUTORELEASING = YES;
				CLANG_WARN_BOOL_CONVERSION = YES;
				CLANG_WARN_COMMA = YES;
				CLANG_WARN_CONSTANT_CONVERSION = YES;
				CLANG_WARN_DEPRECATED_OBJC_IMPLEMENTATIONS = YES;
				CLANG_WARN_DIRECT_OBJC_ISA_USAGE = YES_ERROR;
				CLANG_WARN_DOCUMENTATION_COMMENTS = YES;
				CLANG_WARN_EMPTY_BODY = YES;
				CLANG_WARN_ENUM_CONVERSION = YES;
				CLANG_WARN_INFINITE_RECURSION = YES;
				CLANG_WARN_INT_CONVERSION = YES;
				CLANG_WARN_NON_LITERAL_NULL_CONVERSION = YES;
				CLANG_WARN_OBJC_IMPLICIT_RETAIN_SELF = YES;
				CLANG_WARN_OBJC_LITERAL_CONVERSION = YES;
				CLANG_WARN_OBJC_ROOT_CLASS = YES_ERROR;
				CLANG_WARN_RANGE_LOOP_ANALYSIS = YES;
				CLANG_WARN_STRICT_PROTOTYPES = YES;
				CLANG_WARN_SUSPICIOUS_MOVE = YES;
				CLANG_WARN_UNGUARDED_AVAILABILITY = YES_AGGRESSIVE;
				CLANG_WARN_UNREACHABLE_CODE = YES;
				CLANG_WARN__DUPLICATE_METHOD_MATCH = YES;
				CODE_SIGN_IDENTITY = "iPhone Developer";
				COPY_PHASE_STRIP = NO;
				DEBUG_INFORMATION_FORMAT = "dwarf-with-dsym";
				ENABLE_NS_ASSERTIONS = NO;
				ENABLE_STRICT_OBJC_MSGSEND = YES;
				GCC_C_LANGUAGE_STANDARD = gnu11;
				GCC_NO_COMMON_BLOCKS = YES;
				GCC_WARN_64_TO_32_BIT_CONVERSION = YES;
				GCC_WARN_ABOUT_RETURN_TYPE = YES_ERROR;
				GCC_WARN_UNDECLARED_SELECTOR = YES;
				GCC_WARN_UNINITIALIZED_AUTOS = YES_AGGRESSIVE;
				GCC_WARN_UNUSED_FUNCTION = YES;
				GCC_WARN_UNUSED_VARIABLE = YES;
				IPHONEOS_DEPLOYMENT_TARGET = 12.4;
				MTL_ENABLE_DEBUG_INFO = NO;
				MTL_FAST_MATH = YES;
				SDKROOT = iphoneos;
				SWIFT_COMPILATION_MODE = wholemodule;
				SWIFT_OPTIMIZATION_LEVEL = "-O";
				VALIDATE_PRODUCT = YES;
			};
			name = Release;
		};
		3D51F32F236CCD06008E1901 /* Debug */ = {
			isa = XCBuildConfiguration;
			buildSettings = {
				ALWAYS_EMBED_SWIFT_STANDARD_LIBRARIES = YES;
				ASSETCATALOG_COMPILER_APPICON_NAME = AppIcon;
				CODE_SIGN_STYLE = Automatic;
				INFOPLIST_FILE = Eventos/Info.plist;
				LD_RUNPATH_SEARCH_PATHS = (
					"$(inherited)",
					"@executable_path/Frameworks",
				);
				PRODUCT_BUNDLE_IDENTIFIER = ulsa.edu.Eventos;
				PRODUCT_NAME = "$(TARGET_NAME)";
				SWIFT_VERSION = 5.0;
				TARGETED_DEVICE_FAMILY = "1,2";
			};
			name = Debug;
		};
		3D51F330236CCD06008E1901 /* Release */ = {
			isa = XCBuildConfiguration;
			buildSettings = {
				ALWAYS_EMBED_SWIFT_STANDARD_LIBRARIES = YES;
				ASSETCATALOG_COMPILER_APPICON_NAME = AppIcon;
				CODE_SIGN_STYLE = Automatic;
				INFOPLIST_FILE = Eventos/Info.plist;
				LD_RUNPATH_SEARCH_PATHS = (
					"$(inherited)",
					"@executable_path/Frameworks",
				);
				PRODUCT_BUNDLE_IDENTIFIER = ulsa.edu.Eventos;
				PRODUCT_NAME = "$(TARGET_NAME)";
				SWIFT_VERSION = 5.0;
				TARGETED_DEVICE_FAMILY = "1,2";
			};
			name = Release;
		};
		3D51F332236CCD06008E1901 /* Debug */ = {
			isa = XCBuildConfiguration;
			buildSettings = {
				ALWAYS_EMBED_SWIFT_STANDARD_LIBRARIES = YES;
				BUNDLE_LOADER = "$(TEST_HOST)";
				CODE_SIGN_STYLE = Automatic;
				INFOPLIST_FILE = EventosTests/Info.plist;
				LD_RUNPATH_SEARCH_PATHS = (
					"$(inherited)",
					"@executable_path/Frameworks",
					"@loader_path/Frameworks",
				);
				PRODUCT_BUNDLE_IDENTIFIER = ulsa.edu.EventosTests;
				PRODUCT_NAME = "$(TARGET_NAME)";
				SWIFT_VERSION = 5.0;
				TARGETED_DEVICE_FAMILY = "1,2";
				TEST_HOST = "$(BUILT_PRODUCTS_DIR)/Eventos.app/Eventos";
			};
			name = Debug;
		};
		3D51F333236CCD06008E1901 /* Release */ = {
			isa = XCBuildConfiguration;
			buildSettings = {
				ALWAYS_EMBED_SWIFT_STANDARD_LIBRARIES = YES;
				BUNDLE_LOADER = "$(TEST_HOST)";
				CODE_SIGN_STYLE = Automatic;
				INFOPLIST_FILE = EventosTests/Info.plist;
				LD_RUNPATH_SEARCH_PATHS = (
					"$(inherited)",
					"@executable_path/Frameworks",
					"@loader_path/Frameworks",
				);
				PRODUCT_BUNDLE_IDENTIFIER = ulsa.edu.EventosTests;
				PRODUCT_NAME = "$(TARGET_NAME)";
				SWIFT_VERSION = 5.0;
				TARGETED_DEVICE_FAMILY = "1,2";
				TEST_HOST = "$(BUILT_PRODUCTS_DIR)/Eventos.app/Eventos";
			};
			name = Release;
		};
		3D51F335236CCD06008E1901 /* Debug */ = {
			isa = XCBuildConfiguration;
			buildSettings = {
				ALWAYS_EMBED_SWIFT_STANDARD_LIBRARIES = YES;
				CODE_SIGN_STYLE = Automatic;
				INFOPLIST_FILE = EventosUITests/Info.plist;
				LD_RUNPATH_SEARCH_PATHS = (
					"$(inherited)",
					"@executable_path/Frameworks",
					"@loader_path/Frameworks",
				);
				PRODUCT_BUNDLE_IDENTIFIER = ulsa.edu.EventosUITests;
				PRODUCT_NAME = "$(TARGET_NAME)";
				SWIFT_VERSION = 5.0;
				TARGETED_DEVICE_FAMILY = "1,2";
				TEST_TARGET_NAME = Eventos;
			};
			name = Debug;
		};
		3D51F336236CCD06008E1901 /* Release */ = {
			isa = XCBuildConfiguration;
			buildSettings = {
				ALWAYS_EMBED_SWIFT_STANDARD_LIBRARIES = YES;
				CODE_SIGN_STYLE = Automatic;
				INFOPLIST_FILE = EventosUITests/Info.plist;
				LD_RUNPATH_SEARCH_PATHS = (
					"$(inherited)",
					"@executable_path/Frameworks",
					"@loader_path/Frameworks",
				);
				PRODUCT_BUNDLE_IDENTIFIER = ulsa.edu.EventosUITests;
				PRODUCT_NAME = "$(TARGET_NAME)";
				SWIFT_VERSION = 5.0;
				TARGETED_DEVICE_FAMILY = "1,2";
				TEST_TARGET_NAME = Eventos;
			};
			name = Release;
		};
/* End XCBuildConfiguration section */

/* Begin XCConfigurationList section */
		3D51F301236CCD04008E1901 /* Build configuration list for PBXProject "Eventos" */ = {
			isa = XCConfigurationList;
			buildConfigurations = (
				3D51F32C236CCD06008E1901 /* Debug */,
				3D51F32D236CCD06008E1901 /* Release */,
			);
			defaultConfigurationIsVisible = 0;
			defaultConfigurationName = Release;
		};
		3D51F32E236CCD06008E1901 /* Build configuration list for PBXNativeTarget "Eventos" */ = {
			isa = XCConfigurationList;
			buildConfigurations = (
				3D51F32F236CCD06008E1901 /* Debug */,
				3D51F330236CCD06008E1901 /* Release */,
			);
			defaultConfigurationIsVisible = 0;
			defaultConfigurationName = Release;
		};
		3D51F331236CCD06008E1901 /* Build configuration list for PBXNativeTarget "EventosTests" */ = {
			isa = XCConfigurationList;
			buildConfigurations = (
				3D51F332236CCD06008E1901 /* Debug */,
				3D51F333236CCD06008E1901 /* Release */,
			);
			defaultConfigurationIsVisible = 0;
			defaultConfigurationName = Release;
		};
		3D51F334236CCD06008E1901 /* Build configuration list for PBXNativeTarget "EventosUITests" */ = {
			isa = XCConfigurationList;
			buildConfigurations = (
				3D51F335236CCD06008E1901 /* Debug */,
				3D51F336236CCD06008E1901 /* Release */,
			);
			defaultConfigurationIsVisible = 0;
			defaultConfigurationName = Release;
		};
/* End XCConfigurationList section */
	};
	rootObject = 3D51F2FE236CCD04008E1901 /* Project object */;
}
